{
  "version": 4,
  "terraform_version": "1.8.5",
  "serial": 5,
  "lineage": "fb7f4d13-1787-22d9-511d-bb9b780202a5",
  "outputs": {},
  "resources": [
    {
      "mode": "managed",
      "type": "github_repository",
      "name": "terraform-first-repo",
      "provider": "provider[\"registry.terraform.io/hashicorp/github\"]",
      "instances": [
        {
          "schema_version": 1,
          "attributes": {
            "allow_auto_merge": false,
            "allow_merge_commit": true,
            "allow_rebase_merge": true,
            "allow_squash_merge": true,
            "allow_update_branch": false,
            "archive_on_destroy": null,
            "archived": false,
            "auto_init": true,
            "default_branch": "main",
            "delete_branch_on_merge": false,
            "description": "resources from terraform",
            "etag": "W/\"997f9c37aa295c4d6756031adb594bf47bf7b05b7f6a813b169cce4659b2d9e5\"",
            "full_name": "Ashishr13/terraform-project",
            "git_clone_url": "git://github.com/Ashishr13/terraform-project.git",
            "gitignore_template": null,
            "has_discussions": false,
            "has_downloads": false,
            "has_issues": false,
            "has_projects": false,
            "has_wiki": false,
            "homepage_url": "",
            "html_url": "https://github.com/Ashishr13/terraform-project",
            "http_clone_url": "https://github.com/Ashishr13/terraform-project.git",
            "id": "terraform-project",
            "ignore_vulnerability_alerts_during_read": null,
            "is_template": false,
            "license_template": null,
            "merge_commit_message": "PR_TITLE",
            "merge_commit_title": "MERGE_MESSAGE",
            "name": "terraform-project",
            "node_id": "R_kgDOMQMv-A",
            "pages": [],
            "primary_language": "",
            "private": false,
            "repo_id": 822292472,
            "security_and_analysis": [
              {
                "advanced_security": [],
                "secret_scanning": [
                  {
                    "status": "enabled"
                  }
                ],
                "secret_scanning_push_protection": [
                  {
                    "status": "enabled"
                  }
                ]
              }
            ],
            "squash_merge_commit_message": "COMMIT_MESSAGES",
            "squash_merge_commit_title": "COMMIT_OR_PR_TITLE",
            "ssh_clone_url": "git@github.com:Ashishr13/terraform-project.git",
            "svn_url": "https://github.com/Ashishr13/terraform-project",
            "template": [],
            "topics": [],
            "visibility": "public",
            "vulnerability_alerts": false,
            "web_commit_signoff_required": false
          },
          "sensitive_attributes": [],
          "private": "eyJzY2hlbWFfdmVyc2lvbiI6IjEifQ=="
        }
      ]
    }
  ],
  "check_results": null
}
